// !$*UTF8*$!
{
	archiveVersion = 1;
	classes = {
	};
	objectVersion = 50;
	objects = {

/* Begin PBXBuildFile section */
		1D1F0BA9225C394700516ED6 /* AppDelegate.swift in Sources */ = {isa = PBXBuildFile; fileRef = 1D1F0BA8225C394700516ED6 /* AppDelegate.swift */; };
		1D1F0BAB225C394700516ED6 /* ViewController.swift in Sources */ = {isa = PBXBuildFile; fileRef = 1D1F0BAA225C394700516ED6 /* ViewController.swift */; };
		1D1F0BAE225C394700516ED6 /* Main.storyboard in Resources */ = {isa = PBXBuildFile; fileRef = 1D1F0BAC225C394700516ED6 /* Main.storyboard */; };
		1D1F0BB0225C394B00516ED6 /* Assets.xcassets in Resources */ = {isa = PBXBuildFile; fileRef = 1D1F0BAF225C394B00516ED6 /* Assets.xcassets */; };
		1D1F0BB3225C394B00516ED6 /* LaunchScreen.storyboard in Resources */ = {isa = PBXBuildFile; fileRef = 1D1F0BB1225C394B00516ED6 /* LaunchScreen.storyboard */; };
		1D1F0BBB225C3CC400516ED6 /* EditViewModel.swift in Sources */ = {isa = PBXBuildFile; fileRef = 1D1F0BBA225C3CC400516ED6 /* EditViewModel.swift */; };
		1D1F0BBD225C3CD500516ED6 /* EditModel.swift in Sources */ = {isa = PBXBuildFile; fileRef = 1D1F0BBC225C3CD500516ED6 /* EditModel.swift */; };
/* End PBXBuildFile section */

/* Begin PBXFileReference section */
		1D1F0BA5225C394700516ED6 /* MVVM-Sample.app */ = {isa = PBXFileReference; explicitFileType = wrapper.application; includeInIndex = 0; path = "MVVM-Sample.app"; sourceTree = BUILT_PRODUCTS_DIR; };
		1D1F0BA8225C394700516ED6 /* AppDelegate.swift */ = {isa = PBXFileReference; lastKnownFileType = sourcecode.swift; path = AppDelegate.swift; sourceTree = "<group>"; };
		1D1F0BAA225C394700516ED6 /* ViewController.swift */ = {isa = PBXFileReference; lastKnownFileType = sourcecode.swift; path = ViewController.swift; sourceTree = "<group>"; };
		1D1F0BAD225C394700516ED6 /* Base */ = {isa = PBXFileReference; lastKnownFileType = file.storyboard; name = Base; path = Base.lproj/Main.storyboard; sourceTree = "<group>"; };
		1D1F0BAF225C394B00516ED6 /* Assets.xcassets */ = {isa = PBXFileReference; lastKnownFileType = folder.assetcatalog; path = Assets.xcassets; sourceTree = "<group>"; };
		1D1F0BB2225C394B00516ED6 /* Base */ = {isa = PBXFileReference; lastKnownFileType = file.storyboard; name = Base; path = Base.lproj/LaunchScreen.storyboard; sourceTree = "<group>"; };
		1D1F0BB4225C394B00516ED6 /* Info.plist */ = {isa = PBXFileReference; lastKnownFileType = text.plist.xml; path = Info.plist; sourceTree = "<group>"; };
		1D1F0BBA225C3CC400516ED6 /* EditViewModel.swift */ = {isa = PBXFileReference; lastKnownFileType = sourcecode.swift; path = EditViewModel.swift; sourceTree = "<group>"; };
		1D1F0BBC225C3CD500516ED6 /* EditModel.swift */ = {isa = PBXFileReference; lastKnownFileType = sourcecode.swift; path = EditModel.swift; sourceTree = "<group>"; };
/* End PBXFileReference section */

/* Begin PBXFrameworksBuildPhase section */
		1D1F0BA2225C394700516ED6 /* Frameworks */ = {
			isa = PBXFrameworksBuildPhase;
			buildActionMask = 2147483647;
			files = (
			);
			runOnlyForDeploymentPostprocessing = 0;
		};
/* End PBXFrameworksBuildPhase section */

/* Begin PBXGroup section */
		1D1F0B9C225C394700516ED6 = {
			isa = PBXGroup;
			children = (
				1D1F0BA7225C394700516ED6 /* MVVM-Sample */,
				1D1F0BA6225C394700516ED6 /* Products */,
			);
			sourceTree = "<group>";
		};
		1D1F0BA6225C394700516ED6 /* Products */ = {
			isa = PBXGroup;
			children = (
				1D1F0BA5225C394700516ED6 /* MVVM-Sample.app */,
			);
			name = Products;
			sourceTree = "<group>";
		};
		1D1F0BA7225C394700516ED6 /* MVVM-Sample */ = {
			isa = PBXGroup;
			children = (
				1D1F0BA8225C394700516ED6 /* AppDelegate.swift */,
				1D1F0BC0225C3CF000516ED6 /* ViewControler */,
				1D1F0BBF225C3CE100516ED6 /* ViewModel */,
				1D1F0BBE225C3CDA00516ED6 /* Model */,
				1D1F0BAC225C394700516ED6 /* Main.storyboard */,
				1D1F0BAF225C394B00516ED6 /* Assets.xcassets */,
				1D1F0BB1225C394B00516ED6 /* LaunchScreen.storyboard */,
				1D1F0BB4225C394B00516ED6 /* Info.plist */,
			);
			path = "MVVM-Sample";
			sourceTree = "<group>";
		};
		1D1F0BBE225C3CDA00516ED6 /* Model */ = {
			isa = PBXGroup;
			children = (
				1D1F0BBC225C3CD500516ED6 /* EditModel.swift */,
			);
			path = Model;
			sourceTree = "<group>";
		};
		1D1F0BBF225C3CE100516ED6 /* ViewModel */ = {
			isa = PBXGroup;
			children = (
				1D1F0BBA225C3CC400516ED6 /* EditViewModel.swift */,
			);
			path = ViewModel;
			sourceTree = "<group>";
		};
		1D1F0BC0225C3CF000516ED6 /* ViewControler */ = {
			isa = PBXGroup;
			children = (
				1D1F0BAA225C394700516ED6 /* ViewController.swift */,
			);
			path = ViewControler;
			sourceTree = "<group>";
		};
/* End PBXGroup section */

/* Begin PBXNativeTarget section */
		1D1F0BA4225C394700516ED6 /* MVVM-Sample */ = {
			isa = PBXNativeTarget;
			buildConfigurationList = 1D1F0BB7225C394B00516ED6 /* Build configuration list for PBXNativeTarget "MVVM-Sample" */;
			buildPhases = (
				1D1F0BA1225C394700516ED6 /* Sources */,
				1D1F0BA2225C394700516ED6 /* Frameworks */,
				1D1F0BA3225C394700516ED6 /* Resources */,
			);
			buildRules = (
			);
			dependencies = (
			);
			name = "MVVM-Sample";
			productName = "MVVM-Sample";
			productReference = 1D1F0BA5225C394700516ED6 /* MVVM-Sample.app */;
			productType = "com.apple.product-type.application";
		};
/* End PBXNativeTarget section */

/* Begin PBXProject section */
		1D1F0B9D225C394700516ED6 /* Project object */ = {
			isa = PBXProject;
			attributes = {
				LastSwiftUpdateCheck = 1010;
				LastUpgradeCheck = 1010;
				ORGANIZATIONNAME = BALAMURUGAN;
				TargetAttributes = {
					1D1F0BA4225C394700516ED6 = {
						CreatedOnToolsVersion = 10.1;
					};
				};
			};
			buildConfigurationList = 1D1F0BA0225C394700516ED6 /* Build configuration list for PBXProject "MVVM-Sample" */;
			compatibilityVersion = "Xcode 9.3";
			developmentRegion = en;
			hasScannedForEncodings = 0;
			knownRegions = (
				en,
				Base,
			);
			mainGroup = 1D1F0B9C225C394700516ED6;
			productRefGroup = 1D1F0BA6225C394700516ED6 /* Products */;
			projectDirPath = "";
			projectRoot = "";
			targets = (
				1D1F0BA4225C394700516ED6 /* MVVM-Sample */,
			);
		};
/* End PBXProject section */

/* Begin PBXResourcesBuildPhase section */
		1D1F0BA3225C394700516ED6 /* Resources */ = {
			isa = PBXResourcesBuildPhase;
			buildActionMask = 2147483647;
			files = (
				1D1F0BB3225C394B00516ED6 /* LaunchScreen.storyboard in Resources */,
				1D1F0BB0225C394B00516ED6 /* Assets.xcassets in Resources */,
				1D1F0BAE225C394700516ED6 /* Main.storyboard in Resources */,
			);
			runOnlyForDeploymentPostprocessing = 0;
		};
/* End PBXResourcesBuildPhase section */

/* Begin PBXSourcesBuildPhase section */
		1D1F0BA1225C394700516ED6 /* Sources */ = {
			isa = PBXSourcesBuildPhase;
			buildActionMask = 2147483647;
			files = (
				1D1F0BBB225C3CC400516ED6 /* EditViewModel.swift in Sources */,
				1D1F0BBD225C3CD500516ED6 /* EditModel.swift in Sources */,
				1D1F0BAB225C394700516ED6 /* ViewController.swift in Sources */,
				1D1F0BA9225C394700516ED6 /* AppDelegate.swift in Sources */,
			);
			runOnlyForDeploymentPostprocessing = 0;
		};
/* End PBXSourcesBuildPhase section */

/* Begin PBXVariantGroup section */
		1D1F0BAC225C394700516ED6 /* Main.storyboard */ = {
			isa = PBXVariantGroup;
			children = (
				1D1F0BAD225C394700516ED6 /* Base */,
			);
			name = Main.storyboard;
			sourceTree = "<group>";
		};
		1D1F0BB1225C394B00516ED6 /* LaunchScreen.storyboard */ = {
			isa = PBXVariantGroup;
			children = (
				1D1F0BB2225C394B00516ED6 /* Base */,
			);
			name = LaunchScreen.storyboard;
			sourceTree = "<group>";
		};
/* End PBXVariantGroup section */

/* Begin XCBuildConfiguration section */
		1D1F0BB5225C394B00516ED6 /* Debug */ = {
			isa = XCBuildConfiguration;
			buildSettings = {
				ALWAYS_SEARCH_USER_PATHS = NO;
				CLANG_ANALYZER_NONNULL = YES;
				CLANG_ANALYZER_NUMBER_OBJECT_CONVERSION = YES_AGGRESSIVE;
				CLANG_CXX_LANGUAGE_STANDARD = "gnu++14";
				CLANG_CXX_LIBRARY = "libc++";
				CLANG_ENABLE_MODULES = YES;
				CLANG_ENABLE_OBJC_ARC = YES;
				CLANG_ENABLE_OBJC_WEAK = YES;
				CLANG_WARN_BLOCK_CAPTURE_AUTORELEASING = YES;
				CLANG_WARN_BOOL_CONVERSION = YES;
				CLANG_WARN_COMMA = YES;
				CLANG_WARN_CONSTANT_CONVERSION = YES;
				CLANG_WARN_DEPRECATED_OBJC_IMPLEMENTATIONS = YES;
				CLANG_WARN_DIRECT_OBJC_ISA_USAGE = YES_ERROR;
				CLANG_WARN_DOCUMENTATION_COMMENTS = YES;
				CLANG_WARN_EMPTY_BODY = YES;
				CLANG_WARN_ENUM_CONVERSION = YES;
				CLANG_WARN_INFINITE_RECURSION = YES;
				CLANG_WARN_INT_CONVERSION = YES;
				CLANG_WARN_NON_LITERAL_NULL_CONVERSION = YES;
				CLANG_WARN_OBJC_IMPLICIT_RETAIN_SELF = YES;
				CLANG_WARN_OBJC_LITERAL_CONVERSION = YES;
				CLANG_WARN_OBJC_ROOT_CLASS = YES_ERROR;
				CLANG_WARN_RANGE_LOOP_ANALYSIS = YES;
				CLANG_WARN_STRICT_PROTOTYPES = YES;
				CLANG_WARN_SUSPICIOUS_MOVE = YES;
				CLANG_WARN_UNGUARDED_AVAILABILITY = YES_AGGRESSIVE;
				CLANG_WARN_UNREACHABLE_CODE = YES;
				CLANG_WARN__DUPLICATE_METHOD_MATCH = YES;
				CODE_SIGN_IDENTITY = "iPhone Developer";
				COPY_PHASE_STRIP = NO;
				DEBUG_INFORMATION_FORMAT = dwarf;
				ENABLE_STRICT_OBJC_MSGSEND = YES;
				ENABLE_TESTABILITY = YES;
				GCC_C_LANGUAGE_STANDARD = gnu11;
				GCC_DYNAMIC_NO_PIC = NO;
				GCC_NO_COMMON_BLOCKS = YES;
				GCC_OPTIMIZATION_LEVEL = 0;
				GCC_PREPROCESSOR_DEFINITIONS = (
					"DEBUG=1",
					"$(inherited)",
				);
				GCC_WARN_64_TO_32_BIT_CONVERSION = YES;
				GCC_WARN_ABOUT_RETURN_TYPE = YES_ERROR;
				GCC_WARN_UNDECLARED_SELECTOR = YES;
				GCC_WARN_UNINITIALIZED_AUTOS = YES_AGGRESSIVE;
				GCC_WARN_UNUSED_FUNCTION = YES;
				GCC_WARN_UNUSED_VARIABLE = YES;
				IPHONEOS_DEPLOYMENT_TARGET = 12.1;
				MTL_ENABLE_DEBUG_INFO = INCLUDE_SOURCE;
				MTL_FAST_MATH = YES;
				ONLY_ACTIVE_ARCH = YES;
				SDKROOT = iphoneos;
				SWIFT_ACTIVE_COMPILATION_CONDITIONS = DEBUG;
				SWIFT_OPTIMIZATION_LEVEL = "-Onone";
			};
			name = Debug;
		};
		1D1F0BB6225C394B00516ED6 /* Release */ = {
			isa = XCBuildConfiguration;
			buildSettings = {
				ALWAYS_SEARCH_USER_PATHS = NO;
				CLANG_ANALYZER_NONNULL = YES;
				CLANG_ANALYZER_NUMBER_OBJECT_CONVERSION = YES_AGGRESSIVE;
				CLANG_CXX_LANGUAGE_STANDARD = "gnu++14";
				CLANG_CXX_LIBRARY = "libc++";
				CLANG_ENABLE_MODULES = YES;
				CLANG_ENABLE_OBJC_ARC = YES;
				CLANG_ENABLE_OBJC_WEAK = YES;
				CLANG_WARN_BLOCK_CAPTURE_AUTORELEASING = YES;
				CLANG_WARN_BOOL_CONVERSION = YES;
				CLANG_WARN_COMMA = YES;
				CLANG_WARN_CONSTANT_CONVERSION = YES;
				CLANG_WARN_DEPRECATED_OBJC_IMPLEMENTATIONS = YES;
				CLANG_WARN_DIRECT_OBJC_ISA_USAGE = YES_ERROR;
				CLANG_WARN_DOCUMENTATION_COMMENTS = YES;
				CLANG_WARN_EMPTY_BODY = YES;
				CLANG_WARN_ENUM_CONVERSION = YES;
				CLANG_WARN_INFINITE_RECURSION = YES;
				CLANG_WARN_INT_CONVERSION = YES;
				CLANG_WARN_NON_LITERAL_NULL_CONVERSION = YES;
				CLANG_WARN_OBJC_IMPLICIT_RETAIN_SELF = YES;
				CLANG_WARN_OBJC_LITERAL_CONVERSION = YES;
				CLANG_WARN_OBJC_ROOT_CLASS = YES_ERROR;
				CLANG_WARN_RANGE_LOOP_ANALYSIS = YES;
				CLANG_WARN_STRICT_PROTOTYPES = YES;
				CLANG_WARN_SUSPICIOUS_MOVE = YES;
				CLANG_WARN_UNGUARDED_AVAILABILITY = YES_AGGRESSIVE;
				CLANG_WARN_UNREACHABLE_CODE = YES;
				CLANG_WARN__DUPLICATE_METHOD_MATCH = YES;
				CODE_SIGN_IDENTITY = "iPhone Developer";
				COPY_PHASE_STRIP = NO;
				DEBUG_INFORMATION_FORMAT = "dwarf-with-dsym";
				ENABLE_NS_ASSERTIONS = NO;
				ENABLE_STRICT_OBJC_MSGSEND = YES;
				GCC_C_LANGUAGE_STANDARD = gnu11;
				GCC_NO_COMMON_BLOCKS = YES;
				GCC_WARN_64_TO_32_BIT_CONVERSION = YES;
				GCC_WARN_ABOUT_RETURN_TYPE = YES_ERROR;
				GCC_WARN_UNDECLARED_SELECTOR = YES;
				GCC_WARN_UNINITIALIZED_AUTOS = YES_AGGRESSIVE;
				GCC_WARN_UNUSED_FUNCTION = YES;
				GCC_WARN_UNUSED_VARIABLE = YES;
				IPHONEOS_DEPLOYMENT_TARGET = 12.1;
				MTL_ENABLE_DEBUG_INFO = NO;
				MTL_FAST_MATH = YES;
				SDKROOT = iphoneos;
				SWIFT_COMPILATION_MODE = wholemodule;
				SWIFT_OPTIMIZATION_LEVEL = "-O";
				VALIDATE_PRODUCT = YES;
			};
			name = Release;
		};
		1D1F0BB8225C394B00516ED6 /* Debug */ = {
			isa = XCBuildConfiguration;
			buildSettings = {
				ASSETCATALOG_COMPILER_APPICON_NAME = AppIcon;
				CODE_SIGN_STYLE = Automatic;
				DEVELOPMENT_TEAM = 6BNPRA8RPG;
				INFOPLIST_FILE = "MVVM-Sample/Info.plist";
				LD_RUNPATH_SEARCH_PATHS = (
					"$(inherited)",
					"@executable_path/Frameworks",
				);
				PRODUCT_BUNDLE_IDENTIFIER = "com.kk.MVVM-Sample";
				PRODUCT_NAME = "$(TARGET_NAME)";
				SWIFT_VERSION = 4.2;
				TARGETED_DEVICE_FAMILY = "1,2";
			};
			name = Debug;
		};
		1D1F0BB9225C394B00516ED6 /* Release */ = {
			isa = XCBuildConfiguration;
			buildSettings = {
				ASSETCATALOG_COMPILER_APPICON_NAME = AppIcon;
				CODE_SIGN_STYLE = Automatic;
				DEVELOPMENT_TEAM = 6BNPRA8RPG;
				INFOPLIST_FILE = "MVVM-Sample/Info.plist";
				LD_RUNPATH_SEARCH_PATHS = (
					"$(inherited)",
					"@executable_path/Frameworks",
				);
				PRODUCT_BUNDLE_IDENTIFIER = "com.kk.MVVM-Sample";
				PRODUCT_NAME = "$(TARGET_NAME)";
				SWIFT_VERSION = 4.2;
				TARGETED_DEVICE_FAMILY = "1,2";
			};
			name = Release;
		};
/* End XCBuildConfiguration section */

/* Begin XCConfigurationList section */
		1D1F0BA0225C394700516ED6 /* Build configuration list for PBXProject "MVVM-Sample" */ = {
			isa = XCConfigurationList;
			buildConfigurations = (
				1D1F0BB5225C394B00516ED6 /* Debug */,
				1D1F0BB6225C394B00516ED6 /* Release */,
			);
			defaultConfigurationIsVisible = 0;
			defaultConfigurationName = Release;
		};
		1D1F0BB7225C394B00516ED6 /* Build configuration list for PBXNativeTarget "MVVM-Sample" */ = {
			isa = XCConfigurationList;
			buildConfigurations = (
				1D1F0BB8225C394B00516ED6 /* Debug */,
				1D1F0BB9225C394B00516ED6 /* Release */,
			);
			defaultConfigurationIsVisible = 0;
			defaultConfigurationName = Release;
		};
/* End XCConfigurationList section */
	};
	rootObject = 1D1F0B9D225C394700516ED6 /* Project object */;
}
