// !$*UTF8*$!
{
	archiveVersion = 1;
	classes = {
	};
	objectVersion = 48;
	objects = {

/* Begin PBXBuildFile section */
		2D55B6E12125EFDA0021E64E /* AppDelegate.swift in Sources */ = {isa = PBXBuildFile; fileRef = 2D55B6E02125EFDA0021E64E /* AppDelegate.swift */; };
		2D55B6E32125EFDA0021E64E /* ViewController.swift in Sources */ = {isa = PBXBuildFile; fileRef = 2D55B6E22125EFDA0021E64E /* ViewController.swift */; };
		2D55B6E62125EFDA0021E64E /* Main.storyboard in Resources */ = {isa = PBXBuildFile; fileRef = 2D55B6E42125EFDA0021E64E /* Main.storyboard */; };
		2D55B6E82125EFDA0021E64E /* Assets.xcassets in Resources */ = {isa = PBXBuildFile; fileRef = 2D55B6E72125EFDA0021E64E /* Assets.xcassets */; };
		2D55B6EB2125EFDA0021E64E /* LaunchScreen.storyboard in Resources */ = {isa = PBXBuildFile; fileRef = 2D55B6E92125EFDA0021E64E /* LaunchScreen.storyboard */; };
		2D55B6F32125F3E90021E64E /* URL.swift in Sources */ = {isa = PBXBuildFile; fileRef = 2D55B6F22125F3E90021E64E /* URL.swift */; };
		540B7C09519FA661C2D1DA4B /* Pods_AlamofirePod.framework in Frameworks */ = {isa = PBXBuildFile; fileRef = 72724EF3BDD567F7050C08CD /* Pods_AlamofirePod.framework */; };
/* End PBXBuildFile section */

/* Begin PBXFileReference section */
		2AD44338A947E27CDA09E532 /* Pods-AlamofirePod.release.xcconfig */ = {isa = PBXFileReference; includeInIndex = 1; lastKnownFileType = text.xcconfig; name = "Pods-AlamofirePod.release.xcconfig"; path = "Pods/Target Support Files/Pods-AlamofirePod/Pods-AlamofirePod.release.xcconfig"; sourceTree = "<group>"; };
		2D55B6DD2125EFDA0021E64E /* AlamofirePod.app */ = {isa = PBXFileReference; explicitFileType = wrapper.application; includeInIndex = 0; path = AlamofirePod.app; sourceTree = BUILT_PRODUCTS_DIR; };
		2D55B6E02125EFDA0021E64E /* AppDelegate.swift */ = {isa = PBXFileReference; lastKnownFileType = sourcecode.swift; path = AppDelegate.swift; sourceTree = "<group>"; };
		2D55B6E22125EFDA0021E64E /* ViewController.swift */ = {isa = PBXFileReference; lastKnownFileType = sourcecode.swift; path = ViewController.swift; sourceTree = "<group>"; };
		2D55B6E52125EFDA0021E64E /* Base */ = {isa = PBXFileReference; lastKnownFileType = file.storyboard; name = Base; path = Base.lproj/Main.storyboard; sourceTree = "<group>"; };
		2D55B6E72125EFDA0021E64E /* Assets.xcassets */ = {isa = PBXFileReference; lastKnownFileType = folder.assetcatalog; path = Assets.xcassets; sourceTree = "<group>"; };
		2D55B6EA2125EFDA0021E64E /* Base */ = {isa = PBXFileReference; lastKnownFileType = file.storyboard; name = Base; path = Base.lproj/LaunchScreen.storyboard; sourceTree = "<group>"; };
		2D55B6EC2125EFDA0021E64E /* Info.plist */ = {isa = PBXFileReference; lastKnownFileType = text.plist.xml; path = Info.plist; sourceTree = "<group>"; };
		2D55B6F22125F3E90021E64E /* URL.swift */ = {isa = PBXFileReference; lastKnownFileType = sourcecode.swift; path = URL.swift; sourceTree = "<group>"; };
		549944CEBCB01A5A4F07C4D1 /* Pods-AlamofirePod.debug.xcconfig */ = {isa = PBXFileReference; includeInIndex = 1; lastKnownFileType = text.xcconfig; name = "Pods-AlamofirePod.debug.xcconfig"; path = "Pods/Target Support Files/Pods-AlamofirePod/Pods-AlamofirePod.debug.xcconfig"; sourceTree = "<group>"; };
		72724EF3BDD567F7050C08CD /* Pods_AlamofirePod.framework */ = {isa = PBXFileReference; explicitFileType = wrapper.framework; includeInIndex = 0; path = Pods_AlamofirePod.framework; sourceTree = BUILT_PRODUCTS_DIR; };
/* End PBXFileReference section */

/* Begin PBXFrameworksBuildPhase section */
		2D55B6DA2125EFDA0021E64E /* Frameworks */ = {
			isa = PBXFrameworksBuildPhase;
			buildActionMask = 2147483647;
			files = (
				540B7C09519FA661C2D1DA4B /* Pods_AlamofirePod.framework in Frameworks */,
			);
			runOnlyForDeploymentPostprocessing = 0;
		};
/* End PBXFrameworksBuildPhase section */

/* Begin PBXGroup section */
		1EA7D48777E039338C741DF6 /* Pods */ = {
			isa = PBXGroup;
			children = (
				549944CEBCB01A5A4F07C4D1 /* Pods-AlamofirePod.debug.xcconfig */,
				2AD44338A947E27CDA09E532 /* Pods-AlamofirePod.release.xcconfig */,
			);
			name = Pods;
			sourceTree = "<group>";
		};
		2D55B6D42125EFD90021E64E = {
			isa = PBXGroup;
			children = (
				2D55B6DF2125EFDA0021E64E /* AlamofirePod */,
				2D55B6DE2125EFDA0021E64E /* Products */,
				1EA7D48777E039338C741DF6 /* Pods */,
				5BE180EB5A21E2C74DC8625E /* Frameworks */,
			);
			sourceTree = "<group>";
		};
		2D55B6DE2125EFDA0021E64E /* Products */ = {
			isa = PBXGroup;
			children = (
				2D55B6DD2125EFDA0021E64E /* AlamofirePod.app */,
			);
			name = Products;
			sourceTree = "<group>";
		};
		2D55B6DF2125EFDA0021E64E /* AlamofirePod */ = {
			isa = PBXGroup;
			children = (
				2D55B6E02125EFDA0021E64E /* AppDelegate.swift */,
				2D55B6E22125EFDA0021E64E /* ViewController.swift */,
				2D55B6E42125EFDA0021E64E /* Main.storyboard */,
				2D55B6E72125EFDA0021E64E /* Assets.xcassets */,
				2D55B6E92125EFDA0021E64E /* LaunchScreen.storyboard */,
				2D55B6EC2125EFDA0021E64E /* Info.plist */,
				2D55B6F22125F3E90021E64E /* URL.swift */,
			);
			path = AlamofirePod;
			sourceTree = "<group>";
		};
		5BE180EB5A21E2C74DC8625E /* Frameworks */ = {
			isa = PBXGroup;
			children = (
				72724EF3BDD567F7050C08CD /* Pods_AlamofirePod.framework */,
			);
			name = Frameworks;
			sourceTree = "<group>";
		};
/* End PBXGroup section */

/* Begin PBXNativeTarget section */
		2D55B6DC2125EFDA0021E64E /* AlamofirePod */ = {
			isa = PBXNativeTarget;
			buildConfigurationList = 2D55B6EF2125EFDA0021E64E /* Build configuration list for PBXNativeTarget "AlamofirePod" */;
			buildPhases = (
				680063BEFC2E09C2018DD1C0 /* [CP] Check Pods Manifest.lock */,
				2D55B6D92125EFDA0021E64E /* Sources */,
				2D55B6DA2125EFDA0021E64E /* Frameworks */,
				2D55B6DB2125EFDA0021E64E /* Resources */,
				C5A28B12F255E2C409E64404 /* [CP] Embed Pods Frameworks */,
			);
			buildRules = (
			);
			dependencies = (
			);
			name = AlamofirePod;
			productName = AlamofirePod;
			productReference = 2D55B6DD2125EFDA0021E64E /* AlamofirePod.app */;
			productType = "com.apple.product-type.application";
		};
/* End PBXNativeTarget section */

/* Begin PBXProject section */
		2D55B6D52125EFD90021E64E /* Project object */ = {
			isa = PBXProject;
			attributes = {
				LastSwiftUpdateCheck = 0920;
				LastUpgradeCheck = 0920;
				ORGANIZATIONNAME = Erabala;
				TargetAttributes = {
					2D55B6DC2125EFDA0021E64E = {
						CreatedOnToolsVersion = 9.2;
						ProvisioningStyle = Automatic;
					};
				};
			};
			buildConfigurationList = 2D55B6D82125EFD90021E64E /* Build configuration list for PBXProject "AlamofirePod" */;
			compatibilityVersion = "Xcode 8.0";
			developmentRegion = en;
			hasScannedForEncodings = 0;
			knownRegions = (
				en,
				Base,
			);
			mainGroup = 2D55B6D42125EFD90021E64E;
			productRefGroup = 2D55B6DE2125EFDA0021E64E /* Products */;
			projectDirPath = "";
			projectRoot = "";
			targets = (
				2D55B6DC2125EFDA0021E64E /* AlamofirePod */,
			);
		};
/* End PBXProject section */

/* Begin PBXResourcesBuildPhase section */
		2D55B6DB2125EFDA0021E64E /* Resources */ = {
			isa = PBXResourcesBuildPhase;
			buildActionMask = 2147483647;
			files = (
				2D55B6EB2125EFDA0021E64E /* LaunchScreen.storyboard in Resources */,
				2D55B6E82125EFDA0021E64E /* Assets.xcassets in Resources */,
				2D55B6E62125EFDA0021E64E /* Main.storyboard in Resources */,
			);
			runOnlyForDeploymentPostprocessing = 0;
		};
/* End PBXResourcesBuildPhase section */

/* Begin PBXShellScriptBuildPhase section */
		680063BEFC2E09C2018DD1C0 /* [CP] Check Pods Manifest.lock */ = {
			isa = PBXShellScriptBuildPhase;
			buildActionMask = 2147483647;
			files = (
			);
			inputPaths = (
				"${PODS_PODFILE_DIR_PATH}/Podfile.lock",
				"${PODS_ROOT}/Manifest.lock",
			);
			name = "[CP] Check Pods Manifest.lock";
			outputPaths = (
				"$(DERIVED_FILE_DIR)/Pods-AlamofirePod-checkManifestLockResult.txt",
			);
			runOnlyForDeploymentPostprocessing = 0;
			shellPath = /bin/sh;
			shellScript = "diff \"${PODS_PODFILE_DIR_PATH}/Podfile.lock\" \"${PODS_ROOT}/Manifest.lock\" > /dev/null\nif [ $? != 0 ] ; then\n    # print error to STDERR\n    echo \"error: The sandbox is not in sync with the Podfile.lock. Run 'pod install' or update your CocoaPods installation.\" >&2\n    exit 1\nfi\n# This output is used by Xcode 'outputs' to avoid re-running this script phase.\necho \"SUCCESS\" > \"${SCRIPT_OUTPUT_FILE_0}\"\n";
			showEnvVarsInLog = 0;
		};
		C5A28B12F255E2C409E64404 /* [CP] Embed Pods Frameworks */ = {
			isa = PBXShellScriptBuildPhase;
			buildActionMask = 2147483647;
			files = (
			);
			inputPaths = (
				"${PODS_ROOT}/Target Support Files/Pods-AlamofirePod/Pods-AlamofirePod-frameworks.sh",
				"${BUILT_PRODUCTS_DIR}/Alamofire/Alamofire.framework",
			);
			name = "[CP] Embed Pods Frameworks";
			outputPaths = (
				"${TARGET_BUILD_DIR}/${FRAMEWORKS_FOLDER_PATH}/Alamofire.framework",
			);
			runOnlyForDeploymentPostprocessing = 0;
			shellPath = /bin/sh;
			shellScript = "\"${PODS_ROOT}/Target Support Files/Pods-AlamofirePod/Pods-AlamofirePod-frameworks.sh\"\n";
			showEnvVarsInLog = 0;
		};
/* End PBXShellScriptBuildPhase section */

/* Begin PBXSourcesBuildPhase section */
		2D55B6D92125EFDA0021E64E /* Sources */ = {
			isa = PBXSourcesBuildPhase;
			buildActionMask = 2147483647;
			files = (
				2D55B6E32125EFDA0021E64E /* ViewController.swift in Sources */,
				2D55B6E12125EFDA0021E64E /* AppDelegate.swift in Sources */,
				2D55B6F32125F3E90021E64E /* URL.swift in Sources */,
			);
			runOnlyForDeploymentPostprocessing = 0;
		};
/* End PBXSourcesBuildPhase section */

/* Begin PBXVariantGroup section */
		2D55B6E42125EFDA0021E64E /* Main.storyboard */ = {
			isa = PBXVariantGroup;
			children = (
				2D55B6E52125EFDA0021E64E /* Base */,
			);
			name = Main.storyboard;
			sourceTree = "<group>";
		};
		2D55B6E92125EFDA0021E64E /* LaunchScreen.storyboard */ = {
			isa = PBXVariantGroup;
			children = (
				2D55B6EA2125EFDA0021E64E /* Base */,
			);
			name = LaunchScreen.storyboard;
			sourceTree = "<group>";
		};
/* End PBXVariantGroup section */

/* Begin XCBuildConfiguration section */
		2D55B6ED2125EFDA0021E64E /* Debug */ = {
			isa = XCBuildConfiguration;
			buildSettings = {
				ALWAYS_SEARCH_USER_PATHS = NO;
				CLANG_ANALYZER_NONNULL = YES;
				CLANG_ANALYZER_NUMBER_OBJECT_CONVERSION = YES_AGGRESSIVE;
				CLANG_CXX_LANGUAGE_STANDARD = "gnu++14";
				CLANG_CXX_LIBRARY = "libc++";
				CLANG_ENABLE_MODULES = YES;
				CLANG_ENABLE_OBJC_ARC = YES;
				CLANG_WARN_BLOCK_CAPTURE_AUTORELEASING = YES;
				CLANG_WARN_BOOL_CONVERSION = YES;
				CLANG_WARN_COMMA = YES;
				CLANG_WARN_CONSTANT_CONVERSION = YES;
				CLANG_WARN_DIRECT_OBJC_ISA_USAGE = YES_ERROR;
				CLANG_WARN_DOCUMENTATION_COMMENTS = YES;
				CLANG_WARN_EMPTY_BODY = YES;
				CLANG_WARN_ENUM_CONVERSION = YES;
				CLANG_WARN_INFINITE_RECURSION = YES;
				CLANG_WARN_INT_CONVERSION = YES;
				CLANG_WARN_NON_LITERAL_NULL_CONVERSION = YES;
				CLANG_WARN_OBJC_LITERAL_CONVERSION = YES;
				CLANG_WARN_OBJC_ROOT_CLASS = YES_ERROR;
				CLANG_WARN_RANGE_LOOP_ANALYSIS = YES;
				CLANG_WARN_STRICT_PROTOTYPES = YES;
				CLANG_WARN_SUSPICIOUS_MOVE = YES;
				CLANG_WARN_UNGUARDED_AVAILABILITY = YES_AGGRESSIVE;
				CLANG_WARN_UNREACHABLE_CODE = YES;
				CLANG_WARN__DUPLICATE_METHOD_MATCH = YES;
				CODE_SIGN_IDENTITY = "iPhone Developer";
				COPY_PHASE_STRIP = NO;
				DEBUG_INFORMATION_FORMAT = dwarf;
				ENABLE_STRICT_OBJC_MSGSEND = YES;
				ENABLE_TESTABILITY = YES;
				GCC_C_LANGUAGE_STANDARD = gnu11;
				GCC_DYNAMIC_NO_PIC = NO;
				GCC_NO_COMMON_BLOCKS = YES;
				GCC_OPTIMIZATION_LEVEL = 0;
				GCC_PREPROCESSOR_DEFINITIONS = (
					"DEBUG=1",
					"$(inherited)",
				);
				GCC_WARN_64_TO_32_BIT_CONVERSION = YES;
				GCC_WARN_ABOUT_RETURN_TYPE = YES_ERROR;
				GCC_WARN_UNDECLARED_SELECTOR = YES;
				GCC_WARN_UNINITIALIZED_AUTOS = YES_AGGRESSIVE;
				GCC_WARN_UNUSED_FUNCTION = YES;
				GCC_WARN_UNUSED_VARIABLE = YES;
				IPHONEOS_DEPLOYMENT_TARGET = 11.2;
				MTL_ENABLE_DEBUG_INFO = YES;
				ONLY_ACTIVE_ARCH = YES;
				SDKROOT = iphoneos;
				SWIFT_ACTIVE_COMPILATION_CONDITIONS = DEBUG;
				SWIFT_OPTIMIZATION_LEVEL = "-Onone";
			};
			name = Debug;
		};
		2D55B6EE2125EFDA0021E64E /* Release */ = {
			isa = XCBuildConfiguration;
			buildSettings = {
				ALWAYS_SEARCH_USER_PATHS = NO;
				CLANG_ANALYZER_NONNULL = YES;
				CLANG_ANALYZER_NUMBER_OBJECT_CONVERSION = YES_AGGRESSIVE;
				CLANG_CXX_LANGUAGE_STANDARD = "gnu++14";
				CLANG_CXX_LIBRARY = "libc++";
				CLANG_ENABLE_MODULES = YES;
				CLANG_ENABLE_OBJC_ARC = YES;
				CLANG_WARN_BLOCK_CAPTURE_AUTORELEASING = YES;
				CLANG_WARN_BOOL_CONVERSION = YES;
				CLANG_WARN_COMMA = YES;
				CLANG_WARN_CONSTANT_CONVERSION = YES;
				CLANG_WARN_DIRECT_OBJC_ISA_USAGE = YES_ERROR;
				CLANG_WARN_DOCUMENTATION_COMMENTS = YES;
				CLANG_WARN_EMPTY_BODY = YES;
				CLANG_WARN_ENUM_CONVERSION = YES;
				CLANG_WARN_INFINITE_RECURSION = YES;
				CLANG_WARN_INT_CONVERSION = YES;
				CLANG_WARN_NON_LITERAL_NULL_CONVERSION = YES;
				CLANG_WARN_OBJC_LITERAL_CONVERSION = YES;
				CLANG_WARN_OBJC_ROOT_CLASS = YES_ERROR;
				CLANG_WARN_RANGE_LOOP_ANALYSIS = YES;
				CLANG_WARN_STRICT_PROTOTYPES = YES;
				CLANG_WARN_SUSPICIOUS_MOVE = YES;
				CLANG_WARN_UNGUARDED_AVAILABILITY = YES_AGGRESSIVE;
				CLANG_WARN_UNREACHABLE_CODE = YES;
				CLANG_WARN__DUPLICATE_METHOD_MATCH = YES;
				CODE_SIGN_IDENTITY = "iPhone Developer";
				COPY_PHASE_STRIP = NO;
				DEBUG_INFORMATION_FORMAT = "dwarf-with-dsym";
				ENABLE_NS_ASSERTIONS = NO;
				ENABLE_STRICT_OBJC_MSGSEND = YES;
				GCC_C_LANGUAGE_STANDARD = gnu11;
				GCC_NO_COMMON_BLOCKS = YES;
				GCC_WARN_64_TO_32_BIT_CONVERSION = YES;
				GCC_WARN_ABOUT_RETURN_TYPE = YES_ERROR;
				GCC_WARN_UNDECLARED_SELECTOR = YES;
				GCC_WARN_UNINITIALIZED_AUTOS = YES_AGGRESSIVE;
				GCC_WARN_UNUSED_FUNCTION = YES;
				GCC_WARN_UNUSED_VARIABLE = YES;
				IPHONEOS_DEPLOYMENT_TARGET = 11.2;
				MTL_ENABLE_DEBUG_INFO = NO;
				SDKROOT = iphoneos;
				SWIFT_OPTIMIZATION_LEVEL = "-Owholemodule";
				VALIDATE_PRODUCT = YES;
			};
			name = Release;
		};
		2D55B6F02125EFDA0021E64E /* Debug */ = {
			isa = XCBuildConfiguration;
			baseConfigurationReference = 549944CEBCB01A5A4F07C4D1 /* Pods-AlamofirePod.debug.xcconfig */;
			buildSettings = {
				ASSETCATALOG_COMPILER_APPICON_NAME = AppIcon;
				CODE_SIGN_STYLE = Automatic;
				DEVELOPMENT_TEAM = 6BNPRA8RPG;
				INFOPLIST_FILE = AlamofirePod/Info.plist;
				LD_RUNPATH_SEARCH_PATHS = "$(inherited) @executable_path/Frameworks";
				PRODUCT_BUNDLE_IDENTIFIER = in.karpomkarpipom.AlamofirePod;
				PRODUCT_NAME = "$(TARGET_NAME)";
				SWIFT_VERSION = 4.0;
				TARGETED_DEVICE_FAMILY = "1,2";
			};
			name = Debug;
		};
		2D55B6F12125EFDA0021E64E /* Release */ = {
			isa = XCBuildConfiguration;
			baseConfigurationReference = 2AD44338A947E27CDA09E532 /* Pods-AlamofirePod.release.xcconfig */;
			buildSettings = {
				ASSETCATALOG_COMPILER_APPICON_NAME = AppIcon;
				CODE_SIGN_STYLE = Automatic;
				DEVELOPMENT_TEAM = 6BNPRA8RPG;
				INFOPLIST_FILE = AlamofirePod/Info.plist;
				LD_RUNPATH_SEARCH_PATHS = "$(inherited) @executable_path/Frameworks";
				PRODUCT_BUNDLE_IDENTIFIER = in.karpomkarpipom.AlamofirePod;
				PRODUCT_NAME = "$(TARGET_NAME)";
				SWIFT_VERSION = 4.0;
				TARGETED_DEVICE_FAMILY = "1,2";
			};
			name = Release;
		};
/* End XCBuildConfiguration section */

/* Begin XCConfigurationList section */
		2D55B6D82125EFD90021E64E /* Build configuration list for PBXProject "AlamofirePod" */ = {
			isa = XCConfigurationList;
			buildConfigurations = (
				2D55B6ED2125EFDA0021E64E /* Debug */,
				2D55B6EE2125EFDA0021E64E /* Release */,
			);
			defaultConfigurationIsVisible = 0;
			defaultConfigurationName = Release;
		};
		2D55B6EF2125EFDA0021E64E /* Build configuration list for PBXNativeTarget "AlamofirePod" */ = {
			isa = XCConfigurationList;
			buildConfigurations = (
				2D55B6F02125EFDA0021E64E /* Debug */,
				2D55B6F12125EFDA0021E64E /* Release */,
			);
			defaultConfigurationIsVisible = 0;
			defaultConfigurationName = Release;
		};
/* End XCConfigurationList section */
	};
	rootObject = 2D55B6D52125EFD90021E64E /* Project object */;
}
