// !$*UTF8*$!
{
	archiveVersion = 1;
	classes = {
	};
	objectVersion = 48;
	objects = {

/* Begin PBXBuildFile section */
		2D0C24F3203286FD00E67985 /* AppDelegate.swift in Sources */ = {isa = PBXBuildFile; fileRef = 2D0C24F2203286FD00E67985 /* AppDelegate.swift */; };
		2D0C24F5203286FD00E67985 /* ViewController.swift in Sources */ = {isa = PBXBuildFile; fileRef = 2D0C24F4203286FD00E67985 /* ViewController.swift */; };
		2D0C24F8203286FD00E67985 /* Main.storyboard in Resources */ = {isa = PBXBuildFile; fileRef = 2D0C24F6203286FD00E67985 /* Main.storyboard */; };
		2D0C24FA203286FD00E67985 /* Assets.xcassets in Resources */ = {isa = PBXBuildFile; fileRef = 2D0C24F9203286FD00E67985 /* Assets.xcassets */; };
		2D0C24FD203286FD00E67985 /* LaunchScreen.storyboard in Resources */ = {isa = PBXBuildFile; fileRef = 2D0C24FB203286FD00E67985 /* LaunchScreen.storyboard */; };
		2D0C25052032895800E67985 /* ViewControllerBlue.swift in Sources */ = {isa = PBXBuildFile; fileRef = 2D0C25042032895800E67985 /* ViewControllerBlue.swift */; };
		2D0C25072032896800E67985 /* ViewControllerRed.swift in Sources */ = {isa = PBXBuildFile; fileRef = 2D0C25062032896800E67985 /* ViewControllerRed.swift */; };
/* End PBXBuildFile section */

/* Begin PBXFileReference section */
		2D0C24EF203286FD00E67985 /* NavigationControl.app */ = {isa = PBXFileReference; explicitFileType = wrapper.application; includeInIndex = 0; path = NavigationControl.app; sourceTree = BUILT_PRODUCTS_DIR; };
		2D0C24F2203286FD00E67985 /* AppDelegate.swift */ = {isa = PBXFileReference; lastKnownFileType = sourcecode.swift; path = AppDelegate.swift; sourceTree = "<group>"; };
		2D0C24F4203286FD00E67985 /* ViewController.swift */ = {isa = PBXFileReference; lastKnownFileType = sourcecode.swift; path = ViewController.swift; sourceTree = "<group>"; };
		2D0C24F7203286FD00E67985 /* Base */ = {isa = PBXFileReference; lastKnownFileType = file.storyboard; name = Base; path = Base.lproj/Main.storyboard; sourceTree = "<group>"; };
		2D0C24F9203286FD00E67985 /* Assets.xcassets */ = {isa = PBXFileReference; lastKnownFileType = folder.assetcatalog; path = Assets.xcassets; sourceTree = "<group>"; };
		2D0C24FC203286FD00E67985 /* Base */ = {isa = PBXFileReference; lastKnownFileType = file.storyboard; name = Base; path = Base.lproj/LaunchScreen.storyboard; sourceTree = "<group>"; };
		2D0C24FE203286FD00E67985 /* Info.plist */ = {isa = PBXFileReference; lastKnownFileType = text.plist.xml; path = Info.plist; sourceTree = "<group>"; };
		2D0C25042032895800E67985 /* ViewControllerBlue.swift */ = {isa = PBXFileReference; lastKnownFileType = sourcecode.swift; path = ViewControllerBlue.swift; sourceTree = "<group>"; };
		2D0C25062032896800E67985 /* ViewControllerRed.swift */ = {isa = PBXFileReference; lastKnownFileType = sourcecode.swift; path = ViewControllerRed.swift; sourceTree = "<group>"; };
/* End PBXFileReference section */

/* Begin PBXFrameworksBuildPhase section */
		2D0C24EC203286FC00E67985 /* Frameworks */ = {
			isa = PBXFrameworksBuildPhase;
			buildActionMask = 2147483647;
			files = (
			);
			runOnlyForDeploymentPostprocessing = 0;
		};
/* End PBXFrameworksBuildPhase section */

/* Begin PBXGroup section */
		2D0C24E6203286FC00E67985 = {
			isa = PBXGroup;
			children = (
				2D0C24F1203286FD00E67985 /* NavigationControl */,
				2D0C24F0203286FD00E67985 /* Products */,
			);
			sourceTree = "<group>";
		};
		2D0C24F0203286FD00E67985 /* Products */ = {
			isa = PBXGroup;
			children = (
				2D0C24EF203286FD00E67985 /* NavigationControl.app */,
			);
			name = Products;
			sourceTree = "<group>";
		};
		2D0C24F1203286FD00E67985 /* NavigationControl */ = {
			isa = PBXGroup;
			children = (
				2D0C24F2203286FD00E67985 /* AppDelegate.swift */,
				2D0C24F4203286FD00E67985 /* ViewController.swift */,
				2D0C24F6203286FD00E67985 /* Main.storyboard */,
				2D0C24F9203286FD00E67985 /* Assets.xcassets */,
				2D0C24FB203286FD00E67985 /* LaunchScreen.storyboard */,
				2D0C24FE203286FD00E67985 /* Info.plist */,
				2D0C25042032895800E67985 /* ViewControllerBlue.swift */,
				2D0C25062032896800E67985 /* ViewControllerRed.swift */,
			);
			path = NavigationControl;
			sourceTree = "<group>";
		};
/* End PBXGroup section */

/* Begin PBXNativeTarget section */
		2D0C24EE203286FC00E67985 /* NavigationControl */ = {
			isa = PBXNativeTarget;
			buildConfigurationList = 2D0C2501203286FD00E67985 /* Build configuration list for PBXNativeTarget "NavigationControl" */;
			buildPhases = (
				2D0C24EB203286FC00E67985 /* Sources */,
				2D0C24EC203286FC00E67985 /* Frameworks */,
				2D0C24ED203286FC00E67985 /* Resources */,
			);
			buildRules = (
			);
			dependencies = (
			);
			name = NavigationControl;
			productName = NavigationControl;
			productReference = 2D0C24EF203286FD00E67985 /* NavigationControl.app */;
			productType = "com.apple.product-type.application";
		};
/* End PBXNativeTarget section */

/* Begin PBXProject section */
		2D0C24E7203286FC00E67985 /* Project object */ = {
			isa = PBXProject;
			attributes = {
				LastSwiftUpdateCheck = 0920;
				LastUpgradeCheck = 0920;
				ORGANIZATIONNAME = Erabala;
				TargetAttributes = {
					2D0C24EE203286FC00E67985 = {
						CreatedOnToolsVersion = 9.2;
						ProvisioningStyle = Automatic;
					};
				};
			};
			buildConfigurationList = 2D0C24EA203286FC00E67985 /* Build configuration list for PBXProject "NavigationControl" */;
			compatibilityVersion = "Xcode 8.0";
			developmentRegion = en;
			hasScannedForEncodings = 0;
			knownRegions = (
				en,
				Base,
			);
			mainGroup = 2D0C24E6203286FC00E67985;
			productRefGroup = 2D0C24F0203286FD00E67985 /* Products */;
			projectDirPath = "";
			projectRoot = "";
			targets = (
				2D0C24EE203286FC00E67985 /* NavigationControl */,
			);
		};
/* End PBXProject section */

/* Begin PBXResourcesBuildPhase section */
		2D0C24ED203286FC00E67985 /* Resources */ = {
			isa = PBXResourcesBuildPhase;
			buildActionMask = 2147483647;
			files = (
				2D0C24FD203286FD00E67985 /* LaunchScreen.storyboard in Resources */,
				2D0C24FA203286FD00E67985 /* Assets.xcassets in Resources */,
				2D0C24F8203286FD00E67985 /* Main.storyboard in Resources */,
			);
			runOnlyForDeploymentPostprocessing = 0;
		};
/* End PBXResourcesBuildPhase section */

/* Begin PBXSourcesBuildPhase section */
		2D0C24EB203286FC00E67985 /* Sources */ = {
			isa = PBXSourcesBuildPhase;
			buildActionMask = 2147483647;
			files = (
				2D0C25072032896800E67985 /* ViewControllerRed.swift in Sources */,
				2D0C24F5203286FD00E67985 /* ViewController.swift in Sources */,
				2D0C24F3203286FD00E67985 /* AppDelegate.swift in Sources */,
				2D0C25052032895800E67985 /* ViewControllerBlue.swift in Sources */,
			);
			runOnlyForDeploymentPostprocessing = 0;
		};
/* End PBXSourcesBuildPhase section */

/* Begin PBXVariantGroup section */
		2D0C24F6203286FD00E67985 /* Main.storyboard */ = {
			isa = PBXVariantGroup;
			children = (
				2D0C24F7203286FD00E67985 /* Base */,
			);
			name = Main.storyboard;
			sourceTree = "<group>";
		};
		2D0C24FB203286FD00E67985 /* LaunchScreen.storyboard */ = {
			isa = PBXVariantGroup;
			children = (
				2D0C24FC203286FD00E67985 /* Base */,
			);
			name = LaunchScreen.storyboard;
			sourceTree = "<group>";
		};
/* End PBXVariantGroup section */

/* Begin XCBuildConfiguration section */
		2D0C24FF203286FD00E67985 /* Debug */ = {
			isa = XCBuildConfiguration;
			buildSettings = {
				ALWAYS_SEARCH_USER_PATHS = NO;
				CLANG_ANALYZER_NONNULL = YES;
				CLANG_ANALYZER_NUMBER_OBJECT_CONVERSION = YES_AGGRESSIVE;
				CLANG_CXX_LANGUAGE_STANDARD = "gnu++14";
				CLANG_CXX_LIBRARY = "libc++";
				CLANG_ENABLE_MODULES = YES;
				CLANG_ENABLE_OBJC_ARC = YES;
				CLANG_WARN_BLOCK_CAPTURE_AUTORELEASING = YES;
				CLANG_WARN_BOOL_CONVERSION = YES;
				CLANG_WARN_COMMA = YES;
				CLANG_WARN_CONSTANT_CONVERSION = YES;
				CLANG_WARN_DIRECT_OBJC_ISA_USAGE = YES_ERROR;
				CLANG_WARN_DOCUMENTATION_COMMENTS = YES;
				CLANG_WARN_EMPTY_BODY = YES;
				CLANG_WARN_ENUM_CONVERSION = YES;
				CLANG_WARN_INFINITE_RECURSION = YES;
				CLANG_WARN_INT_CONVERSION = YES;
				CLANG_WARN_NON_LITERAL_NULL_CONVERSION = YES;
				CLANG_WARN_OBJC_LITERAL_CONVERSION = YES;
				CLANG_WARN_OBJC_ROOT_CLASS = YES_ERROR;
				CLANG_WARN_RANGE_LOOP_ANALYSIS = YES;
				CLANG_WARN_STRICT_PROTOTYPES = YES;
				CLANG_WARN_SUSPICIOUS_MOVE = YES;
				CLANG_WARN_UNGUARDED_AVAILABILITY = YES_AGGRESSIVE;
				CLANG_WARN_UNREACHABLE_CODE = YES;
				CLANG_WARN__DUPLICATE_METHOD_MATCH = YES;
				CODE_SIGN_IDENTITY = "iPhone Developer";
				COPY_PHASE_STRIP = NO;
				DEBUG_INFORMATION_FORMAT = dwarf;
				ENABLE_STRICT_OBJC_MSGSEND = YES;
				ENABLE_TESTABILITY = YES;
				GCC_C_LANGUAGE_STANDARD = gnu11;
				GCC_DYNAMIC_NO_PIC = NO;
				GCC_NO_COMMON_BLOCKS = YES;
				GCC_OPTIMIZATION_LEVEL = 0;
				GCC_PREPROCESSOR_DEFINITIONS = (
					"DEBUG=1",
					"$(inherited)",
				);
				GCC_WARN_64_TO_32_BIT_CONVERSION = YES;
				GCC_WARN_ABOUT_RETURN_TYPE = YES_ERROR;
				GCC_WARN_UNDECLARED_SELECTOR = YES;
				GCC_WARN_UNINITIALIZED_AUTOS = YES_AGGRESSIVE;
				GCC_WARN_UNUSED_FUNCTION = YES;
				GCC_WARN_UNUSED_VARIABLE = YES;
				IPHONEOS_DEPLOYMENT_TARGET = 11.2;
				MTL_ENABLE_DEBUG_INFO = YES;
				ONLY_ACTIVE_ARCH = YES;
				SDKROOT = iphoneos;
				SWIFT_ACTIVE_COMPILATION_CONDITIONS = DEBUG;
				SWIFT_OPTIMIZATION_LEVEL = "-Onone";
			};
			name = Debug;
		};
		2D0C2500203286FD00E67985 /* Release */ = {
			isa = XCBuildConfiguration;
			buildSettings = {
				ALWAYS_SEARCH_USER_PATHS = NO;
				CLANG_ANALYZER_NONNULL = YES;
				CLANG_ANALYZER_NUMBER_OBJECT_CONVERSION = YES_AGGRESSIVE;
				CLANG_CXX_LANGUAGE_STANDARD = "gnu++14";
				CLANG_CXX_LIBRARY = "libc++";
				CLANG_ENABLE_MODULES = YES;
				CLANG_ENABLE_OBJC_ARC = YES;
				CLANG_WARN_BLOCK_CAPTURE_AUTORELEASING = YES;
				CLANG_WARN_BOOL_CONVERSION = YES;
				CLANG_WARN_COMMA = YES;
				CLANG_WARN_CONSTANT_CONVERSION = YES;
				CLANG_WARN_DIRECT_OBJC_ISA_USAGE = YES_ERROR;
				CLANG_WARN_DOCUMENTATION_COMMENTS = YES;
				CLANG_WARN_EMPTY_BODY = YES;
				CLANG_WARN_ENUM_CONVERSION = YES;
				CLANG_WARN_INFINITE_RECURSION = YES;
				CLANG_WARN_INT_CONVERSION = YES;
				CLANG_WARN_NON_LITERAL_NULL_CONVERSION = YES;
				CLANG_WARN_OBJC_LITERAL_CONVERSION = YES;
				CLANG_WARN_OBJC_ROOT_CLASS = YES_ERROR;
				CLANG_WARN_RANGE_LOOP_ANALYSIS = YES;
				CLANG_WARN_STRICT_PROTOTYPES = YES;
				CLANG_WARN_SUSPICIOUS_MOVE = YES;
				CLANG_WARN_UNGUARDED_AVAILABILITY = YES_AGGRESSIVE;
				CLANG_WARN_UNREACHABLE_CODE = YES;
				CLANG_WARN__DUPLICATE_METHOD_MATCH = YES;
				CODE_SIGN_IDENTITY = "iPhone Developer";
				COPY_PHASE_STRIP = NO;
				DEBUG_INFORMATION_FORMAT = "dwarf-with-dsym";
				ENABLE_NS_ASSERTIONS = NO;
				ENABLE_STRICT_OBJC_MSGSEND = YES;
				GCC_C_LANGUAGE_STANDARD = gnu11;
				GCC_NO_COMMON_BLOCKS = YES;
				GCC_WARN_64_TO_32_BIT_CONVERSION = YES;
				GCC_WARN_ABOUT_RETURN_TYPE = YES_ERROR;
				GCC_WARN_UNDECLARED_SELECTOR = YES;
				GCC_WARN_UNINITIALIZED_AUTOS = YES_AGGRESSIVE;
				GCC_WARN_UNUSED_FUNCTION = YES;
				GCC_WARN_UNUSED_VARIABLE = YES;
				IPHONEOS_DEPLOYMENT_TARGET = 11.2;
				MTL_ENABLE_DEBUG_INFO = NO;
				SDKROOT = iphoneos;
				SWIFT_OPTIMIZATION_LEVEL = "-Owholemodule";
				VALIDATE_PRODUCT = YES;
			};
			name = Release;
		};
		2D0C2502203286FD00E67985 /* Debug */ = {
			isa = XCBuildConfiguration;
			buildSettings = {
				ASSETCATALOG_COMPILER_APPICON_NAME = AppIcon;
				CODE_SIGN_STYLE = Automatic;
				DEVELOPMENT_TEAM = 6BNPRA8RPG;
				INFOPLIST_FILE = NavigationControl/Info.plist;
				LD_RUNPATH_SEARCH_PATHS = "$(inherited) @executable_path/Frameworks";
				PRODUCT_BUNDLE_IDENTIFIER = in.karpomkarpipom.NavigationControl;
				PRODUCT_NAME = "$(TARGET_NAME)";
				SWIFT_VERSION = 4.0;
				TARGETED_DEVICE_FAMILY = "1,2";
			};
			name = Debug;
		};
		2D0C2503203286FD00E67985 /* Release */ = {
			isa = XCBuildConfiguration;
			buildSettings = {
				ASSETCATALOG_COMPILER_APPICON_NAME = AppIcon;
				CODE_SIGN_STYLE = Automatic;
				DEVELOPMENT_TEAM = 6BNPRA8RPG;
				INFOPLIST_FILE = NavigationControl/Info.plist;
				LD_RUNPATH_SEARCH_PATHS = "$(inherited) @executable_path/Frameworks";
				PRODUCT_BUNDLE_IDENTIFIER = in.karpomkarpipom.NavigationControl;
				PRODUCT_NAME = "$(TARGET_NAME)";
				SWIFT_VERSION = 4.0;
				TARGETED_DEVICE_FAMILY = "1,2";
			};
			name = Release;
		};
/* End XCBuildConfiguration section */

/* Begin XCConfigurationList section */
		2D0C24EA203286FC00E67985 /* Build configuration list for PBXProject "NavigationControl" */ = {
			isa = XCConfigurationList;
			buildConfigurations = (
				2D0C24FF203286FD00E67985 /* Debug */,
				2D0C2500203286FD00E67985 /* Release */,
			);
			defaultConfigurationIsVisible = 0;
			defaultConfigurationName = Release;
		};
		2D0C2501203286FD00E67985 /* Build configuration list for PBXNativeTarget "NavigationControl" */ = {
			isa = XCConfigurationList;
			buildConfigurations = (
				2D0C2502203286FD00E67985 /* Debug */,
				2D0C2503203286FD00E67985 /* Release */,
			);
			defaultConfigurationIsVisible = 0;
			defaultConfigurationName = Release;
		};
/* End XCConfigurationList section */
	};
	rootObject = 2D0C24E7203286FC00E67985 /* Project object */;
}
