// !$*UTF8*$!
{
	archiveVersion = 1;
	classes = {
	};
	objectVersion = 50;
	objects = {

/* Begin PBXBuildFile section */
		1DC37DE8244E19BB003AD0B9 /* AppDelegate.swift in Sources */ = {isa = PBXBuildFile; fileRef = 1DC37DE7244E19BB003AD0B9 /* AppDelegate.swift */; };
		1DC37DEA244E19BB003AD0B9 /* SceneDelegate.swift in Sources */ = {isa = PBXBuildFile; fileRef = 1DC37DE9244E19BB003AD0B9 /* SceneDelegate.swift */; };
		1DC37DEC244E19BB003AD0B9 /* ViewController.swift in Sources */ = {isa = PBXBuildFile; fileRef = 1DC37DEB244E19BB003AD0B9 /* ViewController.swift */; };
		1DC37DEF244E19BB003AD0B9 /* Main.storyboard in Resources */ = {isa = PBXBuildFile; fileRef = 1DC37DED244E19BB003AD0B9 /* Main.storyboard */; };
		1DC37DF1244E19C3003AD0B9 /* Assets.xcassets in Resources */ = {isa = PBXBuildFile; fileRef = 1DC37DF0244E19C3003AD0B9 /* Assets.xcassets */; };
		1DC37DF4244E19C3003AD0B9 /* LaunchScreen.storyboard in Resources */ = {isa = PBXBuildFile; fileRef = 1DC37DF2244E19C3003AD0B9 /* LaunchScreen.storyboard */; };
		1DC37DFE244E1C47003AD0B9 /* IBDView.swift in Sources */ = {isa = PBXBuildFile; fileRef = 1DC37DFD244E1C47003AD0B9 /* IBDView.swift */; };
		1DC37E03244E1FB9003AD0B9 /* IBDButton.swift in Sources */ = {isa = PBXBuildFile; fileRef = 1DC37DFF244E1FB8003AD0B9 /* IBDButton.swift */; };
		1DC37E04244E1FB9003AD0B9 /* IBDTextView.swift in Sources */ = {isa = PBXBuildFile; fileRef = 1DC37E00244E1FB8003AD0B9 /* IBDTextView.swift */; };
		1DC37E05244E1FB9003AD0B9 /* IBDTextField.swift in Sources */ = {isa = PBXBuildFile; fileRef = 1DC37E01244E1FB9003AD0B9 /* IBDTextField.swift */; };
		1DC37E06244E1FB9003AD0B9 /* IBDSlider.swift in Sources */ = {isa = PBXBuildFile; fileRef = 1DC37E02244E1FB9003AD0B9 /* IBDSlider.swift */; };
		1DC37E09244EA13D003AD0B9 /* IBDViewController.swift in Sources */ = {isa = PBXBuildFile; fileRef = 1DC37E08244EA13D003AD0B9 /* IBDViewController.swift */; };
		1DC37E0B244EA1D4003AD0B9 /* IBDLabel.swift in Sources */ = {isa = PBXBuildFile; fileRef = 1DC37E0A244EA1D4003AD0B9 /* IBDLabel.swift */; };
		1DC37E0D244EA893003AD0B9 /* IBDImageView.swift in Sources */ = {isa = PBXBuildFile; fileRef = 1DC37E0C244EA893003AD0B9 /* IBDImageView.swift */; };
/* End PBXBuildFile section */

/* Begin PBXFileReference section */
		1DC37DE4244E19BB003AD0B9 /* IBDesign-Inspect.app */ = {isa = PBXFileReference; explicitFileType = wrapper.application; includeInIndex = 0; path = "IBDesign-Inspect.app"; sourceTree = BUILT_PRODUCTS_DIR; };
		1DC37DE7244E19BB003AD0B9 /* AppDelegate.swift */ = {isa = PBXFileReference; lastKnownFileType = sourcecode.swift; path = AppDelegate.swift; sourceTree = "<group>"; };
		1DC37DE9244E19BB003AD0B9 /* SceneDelegate.swift */ = {isa = PBXFileReference; lastKnownFileType = sourcecode.swift; path = SceneDelegate.swift; sourceTree = "<group>"; };
		1DC37DEB244E19BB003AD0B9 /* ViewController.swift */ = {isa = PBXFileReference; lastKnownFileType = sourcecode.swift; path = ViewController.swift; sourceTree = "<group>"; };
		1DC37DEE244E19BB003AD0B9 /* Base */ = {isa = PBXFileReference; lastKnownFileType = file.storyboard; name = Base; path = Base.lproj/Main.storyboard; sourceTree = "<group>"; };
		1DC37DF0244E19C3003AD0B9 /* Assets.xcassets */ = {isa = PBXFileReference; lastKnownFileType = folder.assetcatalog; path = Assets.xcassets; sourceTree = "<group>"; };
		1DC37DF3244E19C3003AD0B9 /* Base */ = {isa = PBXFileReference; lastKnownFileType = file.storyboard; name = Base; path = Base.lproj/LaunchScreen.storyboard; sourceTree = "<group>"; };
		1DC37DF5244E19C3003AD0B9 /* Info.plist */ = {isa = PBXFileReference; lastKnownFileType = text.plist.xml; path = Info.plist; sourceTree = "<group>"; };
		1DC37DFD244E1C47003AD0B9 /* IBDView.swift */ = {isa = PBXFileReference; lastKnownFileType = sourcecode.swift; path = IBDView.swift; sourceTree = "<group>"; };
		1DC37DFF244E1FB8003AD0B9 /* IBDButton.swift */ = {isa = PBXFileReference; fileEncoding = 4; lastKnownFileType = sourcecode.swift; path = IBDButton.swift; sourceTree = "<group>"; };
		1DC37E00244E1FB8003AD0B9 /* IBDTextView.swift */ = {isa = PBXFileReference; fileEncoding = 4; lastKnownFileType = sourcecode.swift; path = IBDTextView.swift; sourceTree = "<group>"; };
		1DC37E01244E1FB9003AD0B9 /* IBDTextField.swift */ = {isa = PBXFileReference; fileEncoding = 4; lastKnownFileType = sourcecode.swift; path = IBDTextField.swift; sourceTree = "<group>"; };
		1DC37E02244E1FB9003AD0B9 /* IBDSlider.swift */ = {isa = PBXFileReference; fileEncoding = 4; lastKnownFileType = sourcecode.swift; path = IBDSlider.swift; sourceTree = "<group>"; };
		1DC37E08244EA13D003AD0B9 /* IBDViewController.swift */ = {isa = PBXFileReference; lastKnownFileType = sourcecode.swift; path = IBDViewController.swift; sourceTree = "<group>"; };
		1DC37E0A244EA1D4003AD0B9 /* IBDLabel.swift */ = {isa = PBXFileReference; lastKnownFileType = sourcecode.swift; path = IBDLabel.swift; sourceTree = "<group>"; };
		1DC37E0C244EA893003AD0B9 /* IBDImageView.swift */ = {isa = PBXFileReference; lastKnownFileType = sourcecode.swift; path = IBDImageView.swift; sourceTree = "<group>"; };
/* End PBXFileReference section */

/* Begin PBXFrameworksBuildPhase section */
		1DC37DE1244E19BA003AD0B9 /* Frameworks */ = {
			isa = PBXFrameworksBuildPhase;
			buildActionMask = 2147483647;
			files = (
			);
			runOnlyForDeploymentPostprocessing = 0;
		};
/* End PBXFrameworksBuildPhase section */

/* Begin PBXGroup section */
		1DC37DDB244E19BA003AD0B9 = {
			isa = PBXGroup;
			children = (
				1DC37DE6244E19BB003AD0B9 /* IBDesign-Inspect */,
				1DC37DE5244E19BB003AD0B9 /* Products */,
			);
			sourceTree = "<group>";
		};
		1DC37DE5244E19BB003AD0B9 /* Products */ = {
			isa = PBXGroup;
			children = (
				1DC37DE4244E19BB003AD0B9 /* IBDesign-Inspect.app */,
			);
			name = Products;
			sourceTree = "<group>";
		};
		1DC37DE6244E19BB003AD0B9 /* IBDesign-Inspect */ = {
			isa = PBXGroup;
			children = (
				1DC37DE7244E19BB003AD0B9 /* AppDelegate.swift */,
				1DC37DE9244E19BB003AD0B9 /* SceneDelegate.swift */,
				1DC37DEB244E19BB003AD0B9 /* ViewController.swift */,
				1DC37E07244EA10F003AD0B9 /* IBDesignable */,
				1DC37DED244E19BB003AD0B9 /* Main.storyboard */,
				1DC37DF0244E19C3003AD0B9 /* Assets.xcassets */,
				1DC37DF2244E19C3003AD0B9 /* LaunchScreen.storyboard */,
				1DC37DF5244E19C3003AD0B9 /* Info.plist */,
			);
			path = "IBDesign-Inspect";
			sourceTree = "<group>";
		};
		1DC37E07244EA10F003AD0B9 /* IBDesignable */ = {
			isa = PBXGroup;
			children = (
				1DC37DFD244E1C47003AD0B9 /* IBDView.swift */,
				1DC37E0C244EA893003AD0B9 /* IBDImageView.swift */,
				1DC37E0A244EA1D4003AD0B9 /* IBDLabel.swift */,
				1DC37DFF244E1FB8003AD0B9 /* IBDButton.swift */,
				1DC37E02244E1FB9003AD0B9 /* IBDSlider.swift */,
				1DC37E01244E1FB9003AD0B9 /* IBDTextField.swift */,
				1DC37E00244E1FB8003AD0B9 /* IBDTextView.swift */,
				1DC37E08244EA13D003AD0B9 /* IBDViewController.swift */,
			);
			path = IBDesignable;
			sourceTree = "<group>";
		};
/* End PBXGroup section */

/* Begin PBXNativeTarget section */
		1DC37DE3244E19BA003AD0B9 /* IBDesign-Inspect */ = {
			isa = PBXNativeTarget;
			buildConfigurationList = 1DC37DF8244E19C3003AD0B9 /* Build configuration list for PBXNativeTarget "IBDesign-Inspect" */;
			buildPhases = (
				1DC37DE0244E19BA003AD0B9 /* Sources */,
				1DC37DE1244E19BA003AD0B9 /* Frameworks */,
				1DC37DE2244E19BA003AD0B9 /* Resources */,
			);
			buildRules = (
			);
			dependencies = (
			);
			name = "IBDesign-Inspect";
			productName = "IBDesign-Inspect";
			productReference = 1DC37DE4244E19BB003AD0B9 /* IBDesign-Inspect.app */;
			productType = "com.apple.product-type.application";
		};
/* End PBXNativeTarget section */

/* Begin PBXProject section */
		1DC37DDC244E19BA003AD0B9 /* Project object */ = {
			isa = PBXProject;
			attributes = {
				LastSwiftUpdateCheck = 1140;
				LastUpgradeCheck = 1140;
				ORGANIZATIONNAME = BALAMURUGAN;
				TargetAttributes = {
					1DC37DE3244E19BA003AD0B9 = {
						CreatedOnToolsVersion = 11.4;
					};
				};
			};
			buildConfigurationList = 1DC37DDF244E19BA003AD0B9 /* Build configuration list for PBXProject "IBDesign-Inspect" */;
			compatibilityVersion = "Xcode 9.3";
			developmentRegion = en;
			hasScannedForEncodings = 0;
			knownRegions = (
				en,
				Base,
			);
			mainGroup = 1DC37DDB244E19BA003AD0B9;
			productRefGroup = 1DC37DE5244E19BB003AD0B9 /* Products */;
			projectDirPath = "";
			projectRoot = "";
			targets = (
				1DC37DE3244E19BA003AD0B9 /* IBDesign-Inspect */,
			);
		};
/* End PBXProject section */

/* Begin PBXResourcesBuildPhase section */
		1DC37DE2244E19BA003AD0B9 /* Resources */ = {
			isa = PBXResourcesBuildPhase;
			buildActionMask = 2147483647;
			files = (
				1DC37DF4244E19C3003AD0B9 /* LaunchScreen.storyboard in Resources */,
				1DC37DF1244E19C3003AD0B9 /* Assets.xcassets in Resources */,
				1DC37DEF244E19BB003AD0B9 /* Main.storyboard in Resources */,
			);
			runOnlyForDeploymentPostprocessing = 0;
		};
/* End PBXResourcesBuildPhase section */

/* Begin PBXSourcesBuildPhase section */
		1DC37DE0244E19BA003AD0B9 /* Sources */ = {
			isa = PBXSourcesBuildPhase;
			buildActionMask = 2147483647;
			files = (
				1DC37E09244EA13D003AD0B9 /* IBDViewController.swift in Sources */,
				1DC37E06244E1FB9003AD0B9 /* IBDSlider.swift in Sources */,
				1DC37E0B244EA1D4003AD0B9 /* IBDLabel.swift in Sources */,
				1DC37E05244E1FB9003AD0B9 /* IBDTextField.swift in Sources */,
				1DC37E03244E1FB9003AD0B9 /* IBDButton.swift in Sources */,
				1DC37DEC244E19BB003AD0B9 /* ViewController.swift in Sources */,
				1DC37DE8244E19BB003AD0B9 /* AppDelegate.swift in Sources */,
				1DC37E0D244EA893003AD0B9 /* IBDImageView.swift in Sources */,
				1DC37DFE244E1C47003AD0B9 /* IBDView.swift in Sources */,
				1DC37DEA244E19BB003AD0B9 /* SceneDelegate.swift in Sources */,
				1DC37E04244E1FB9003AD0B9 /* IBDTextView.swift in Sources */,
			);
			runOnlyForDeploymentPostprocessing = 0;
		};
/* End PBXSourcesBuildPhase section */

/* Begin PBXVariantGroup section */
		1DC37DED244E19BB003AD0B9 /* Main.storyboard */ = {
			isa = PBXVariantGroup;
			children = (
				1DC37DEE244E19BB003AD0B9 /* Base */,
			);
			name = Main.storyboard;
			sourceTree = "<group>";
		};
		1DC37DF2244E19C3003AD0B9 /* LaunchScreen.storyboard */ = {
			isa = PBXVariantGroup;
			children = (
				1DC37DF3244E19C3003AD0B9 /* Base */,
			);
			name = LaunchScreen.storyboard;
			sourceTree = "<group>";
		};
/* End PBXVariantGroup section */

/* Begin XCBuildConfiguration section */
		1DC37DF6244E19C3003AD0B9 /* Debug */ = {
			isa = XCBuildConfiguration;
			buildSettings = {
				ALWAYS_SEARCH_USER_PATHS = NO;
				CLANG_ANALYZER_NONNULL = YES;
				CLANG_ANALYZER_NUMBER_OBJECT_CONVERSION = YES_AGGRESSIVE;
				CLANG_CXX_LANGUAGE_STANDARD = "gnu++14";
				CLANG_CXX_LIBRARY = "libc++";
				CLANG_ENABLE_MODULES = YES;
				CLANG_ENABLE_OBJC_ARC = YES;
				CLANG_ENABLE_OBJC_WEAK = YES;
				CLANG_WARN_BLOCK_CAPTURE_AUTORELEASING = YES;
				CLANG_WARN_BOOL_CONVERSION = YES;
				CLANG_WARN_COMMA = YES;
				CLANG_WARN_CONSTANT_CONVERSION = YES;
				CLANG_WARN_DEPRECATED_OBJC_IMPLEMENTATIONS = YES;
				CLANG_WARN_DIRECT_OBJC_ISA_USAGE = YES_ERROR;
				CLANG_WARN_DOCUMENTATION_COMMENTS = YES;
				CLANG_WARN_EMPTY_BODY = YES;
				CLANG_WARN_ENUM_CONVERSION = YES;
				CLANG_WARN_INFINITE_RECURSION = YES;
				CLANG_WARN_INT_CONVERSION = YES;
				CLANG_WARN_NON_LITERAL_NULL_CONVERSION = YES;
				CLANG_WARN_OBJC_IMPLICIT_RETAIN_SELF = YES;
				CLANG_WARN_OBJC_LITERAL_CONVERSION = YES;
				CLANG_WARN_OBJC_ROOT_CLASS = YES_ERROR;
				CLANG_WARN_RANGE_LOOP_ANALYSIS = YES;
				CLANG_WARN_STRICT_PROTOTYPES = YES;
				CLANG_WARN_SUSPICIOUS_MOVE = YES;
				CLANG_WARN_UNGUARDED_AVAILABILITY = YES_AGGRESSIVE;
				CLANG_WARN_UNREACHABLE_CODE = YES;
				CLANG_WARN__DUPLICATE_METHOD_MATCH = YES;
				COPY_PHASE_STRIP = NO;
				DEBUG_INFORMATION_FORMAT = dwarf;
				ENABLE_STRICT_OBJC_MSGSEND = YES;
				ENABLE_TESTABILITY = YES;
				GCC_C_LANGUAGE_STANDARD = gnu11;
				GCC_DYNAMIC_NO_PIC = NO;
				GCC_NO_COMMON_BLOCKS = YES;
				GCC_OPTIMIZATION_LEVEL = 0;
				GCC_PREPROCESSOR_DEFINITIONS = (
					"DEBUG=1",
					"$(inherited)",
				);
				GCC_WARN_64_TO_32_BIT_CONVERSION = YES;
				GCC_WARN_ABOUT_RETURN_TYPE = YES_ERROR;
				GCC_WARN_UNDECLARED_SELECTOR = YES;
				GCC_WARN_UNINITIALIZED_AUTOS = YES_AGGRESSIVE;
				GCC_WARN_UNUSED_FUNCTION = YES;
				GCC_WARN_UNUSED_VARIABLE = YES;
				IPHONEOS_DEPLOYMENT_TARGET = 13.4;
				MTL_ENABLE_DEBUG_INFO = INCLUDE_SOURCE;
				MTL_FAST_MATH = YES;
				ONLY_ACTIVE_ARCH = YES;
				SDKROOT = iphoneos;
				SWIFT_ACTIVE_COMPILATION_CONDITIONS = DEBUG;
				SWIFT_OPTIMIZATION_LEVEL = "-Onone";
			};
			name = Debug;
		};
		1DC37DF7244E19C3003AD0B9 /* Release */ = {
			isa = XCBuildConfiguration;
			buildSettings = {
				ALWAYS_SEARCH_USER_PATHS = NO;
				CLANG_ANALYZER_NONNULL = YES;
				CLANG_ANALYZER_NUMBER_OBJECT_CONVERSION = YES_AGGRESSIVE;
				CLANG_CXX_LANGUAGE_STANDARD = "gnu++14";
				CLANG_CXX_LIBRARY = "libc++";
				CLANG_ENABLE_MODULES = YES;
				CLANG_ENABLE_OBJC_ARC = YES;
				CLANG_ENABLE_OBJC_WEAK = YES;
				CLANG_WARN_BLOCK_CAPTURE_AUTORELEASING = YES;
				CLANG_WARN_BOOL_CONVERSION = YES;
				CLANG_WARN_COMMA = YES;
				CLANG_WARN_CONSTANT_CONVERSION = YES;
				CLANG_WARN_DEPRECATED_OBJC_IMPLEMENTATIONS = YES;
				CLANG_WARN_DIRECT_OBJC_ISA_USAGE = YES_ERROR;
				CLANG_WARN_DOCUMENTATION_COMMENTS = YES;
				CLANG_WARN_EMPTY_BODY = YES;
				CLANG_WARN_ENUM_CONVERSION = YES;
				CLANG_WARN_INFINITE_RECURSION = YES;
				CLANG_WARN_INT_CONVERSION = YES;
				CLANG_WARN_NON_LITERAL_NULL_CONVERSION = YES;
				CLANG_WARN_OBJC_IMPLICIT_RETAIN_SELF = YES;
				CLANG_WARN_OBJC_LITERAL_CONVERSION = YES;
				CLANG_WARN_OBJC_ROOT_CLASS = YES_ERROR;
				CLANG_WARN_RANGE_LOOP_ANALYSIS = YES;
				CLANG_WARN_STRICT_PROTOTYPES = YES;
				CLANG_WARN_SUSPICIOUS_MOVE = YES;
				CLANG_WARN_UNGUARDED_AVAILABILITY = YES_AGGRESSIVE;
				CLANG_WARN_UNREACHABLE_CODE = YES;
				CLANG_WARN__DUPLICATE_METHOD_MATCH = YES;
				COPY_PHASE_STRIP = NO;
				DEBUG_INFORMATION_FORMAT = "dwarf-with-dsym";
				ENABLE_NS_ASSERTIONS = NO;
				ENABLE_STRICT_OBJC_MSGSEND = YES;
				GCC_C_LANGUAGE_STANDARD = gnu11;
				GCC_NO_COMMON_BLOCKS = YES;
				GCC_WARN_64_TO_32_BIT_CONVERSION = YES;
				GCC_WARN_ABOUT_RETURN_TYPE = YES_ERROR;
				GCC_WARN_UNDECLARED_SELECTOR = YES;
				GCC_WARN_UNINITIALIZED_AUTOS = YES_AGGRESSIVE;
				GCC_WARN_UNUSED_FUNCTION = YES;
				GCC_WARN_UNUSED_VARIABLE = YES;
				IPHONEOS_DEPLOYMENT_TARGET = 13.4;
				MTL_ENABLE_DEBUG_INFO = NO;
				MTL_FAST_MATH = YES;
				SDKROOT = iphoneos;
				SWIFT_COMPILATION_MODE = wholemodule;
				SWIFT_OPTIMIZATION_LEVEL = "-O";
				VALIDATE_PRODUCT = YES;
			};
			name = Release;
		};
		1DC37DF9244E19C3003AD0B9 /* Debug */ = {
			isa = XCBuildConfiguration;
			buildSettings = {
				ASSETCATALOG_COMPILER_APPICON_NAME = AppIcon;
				CODE_SIGN_STYLE = Automatic;
				DEVELOPMENT_TEAM = 6BNPRA8RPG;
				INFOPLIST_FILE = "IBDesign-Inspect/Info.plist";
				LD_RUNPATH_SEARCH_PATHS = (
					"$(inherited)",
					"@executable_path/Frameworks",
				);
				PRODUCT_BUNDLE_IDENTIFIER = "com.karpomkarpipoom.IBDesign-Inspect";
				PRODUCT_NAME = "$(TARGET_NAME)";
				SWIFT_VERSION = 5.0;
				TARGETED_DEVICE_FAMILY = "1,2";
			};
			name = Debug;
		};
		1DC37DFA244E19C3003AD0B9 /* Release */ = {
			isa = XCBuildConfiguration;
			buildSettings = {
				ASSETCATALOG_COMPILER_APPICON_NAME = AppIcon;
				CODE_SIGN_STYLE = Automatic;
				DEVELOPMENT_TEAM = 6BNPRA8RPG;
				INFOPLIST_FILE = "IBDesign-Inspect/Info.plist";
				LD_RUNPATH_SEARCH_PATHS = (
					"$(inherited)",
					"@executable_path/Frameworks",
				);
				PRODUCT_BUNDLE_IDENTIFIER = "com.karpomkarpipoom.IBDesign-Inspect";
				PRODUCT_NAME = "$(TARGET_NAME)";
				SWIFT_VERSION = 5.0;
				TARGETED_DEVICE_FAMILY = "1,2";
			};
			name = Release;
		};
/* End XCBuildConfiguration section */

/* Begin XCConfigurationList section */
		1DC37DDF244E19BA003AD0B9 /* Build configuration list for PBXProject "IBDesign-Inspect" */ = {
			isa = XCConfigurationList;
			buildConfigurations = (
				1DC37DF6244E19C3003AD0B9 /* Debug */,
				1DC37DF7244E19C3003AD0B9 /* Release */,
			);
			defaultConfigurationIsVisible = 0;
			defaultConfigurationName = Release;
		};
		1DC37DF8244E19C3003AD0B9 /* Build configuration list for PBXNativeTarget "IBDesign-Inspect" */ = {
			isa = XCConfigurationList;
			buildConfigurations = (
				1DC37DF9244E19C3003AD0B9 /* Debug */,
				1DC37DFA244E19C3003AD0B9 /* Release */,
			);
			defaultConfigurationIsVisible = 0;
			defaultConfigurationName = Release;
		};
/* End XCConfigurationList section */
	};
	rootObject = 1DC37DDC244E19BA003AD0B9 /* Project object */;
}
